
Microsoft Visual Studio Solution File, Format Version 12.00
# Visual Studio Version 17
VisualStudioVersion = 17.1.32210.238
MinimumVisualStudioVersion = 10.0.40219.1
Project("{FAE04EC0-301F-11D3-BF4B-00C04F79EFBC}") = "AlgoAndDatastructure", "AlgoAndDatastructure\AlgoAndDatastructure.csproj", "{46E0926A-115D-41AF-B249-3647687CA2EF}"
EndProject
Global
	GlobalSection(SolutionConfigurationPlatforms) = preSolution
		Debug|Any CPU = Debug|Any CPU
		Release|Any CPU = Release|Any CPU
	EndGlobalSection
	GlobalSection(ProjectConfigurationPlatforms) = postSolution
		{46E0926A-115D-41AF-B249-3647687CA2EF}.Debug|Any CPU.ActiveCfg = Debug|Any CPU
		{46E0926A-115D-41AF-B249-3647687CA2EF}.Debug|Any CPU.Build.0 = Debug|Any CPU
		{46E0926A-115D-41AF-B249-3647687CA2EF}.Release|Any CPU.ActiveCfg = Release|Any CPU
		{46E0926A-115D-41AF-B249-3647687CA2EF}.Release|Any CPU.Build.0 = Release|Any CPU
	EndGlobalSection
	GlobalSection(SolutionProperties) = preSolution
		HideSolutionNode = FALSE
	EndGlobalSection
	GlobalSection(ExtensibilityGlobals) = postSolution
		SolutionGuid = {F3101937-3720-413F-A99B-89D440C11971}
	EndGlobalSection
EndGlobal
